
Microsoft Visual Studio Solution File, Format Version 12.00
# Visual Studio 15
VisualStudioVersion = 15.0.27004.2002
MinimumVisualStudioVersion = 15.0.26124.0
Project("{2150E333-8FDC-42A3-9474-1A3956D46DE8}") = "Solution Items", "Solution Items", "{1951EB33-542F-4432-8B38-1709D5FF46A7}"
	ProjectSection(SolutionItems) = preProject
		.editorconfig = .editorconfig
		build.cmd = build.cmd
		COPYING.txt = COPYING.txt
		Elmah.PostgreSQL.nuspec = Elmah.PostgreSQL.nuspec
		msbuild.cmd = msbuild.cmd
		pack.cmd = pack.cmd
		README.md = README.md
	EndProjectSection
EndProject
Project("{FAE04EC0-301F-11D3-BF4B-00C04F79EFBC}") = "Elmah.Pgsql", "src\Elmah.Pgsql.csproj", "{B5A71BBD-3316-4210-88E3-C97B92C5241B}"
EndProject
Global
	GlobalSection(SolutionConfigurationPlatforms) = preSolution
		Debug|Any CPU = Debug|Any CPU
		Release|Any CPU = Release|Any CPU
	EndGlobalSection
	GlobalSection(ProjectConfigurationPlatforms) = postSolution
		{B5A71BBD-3316-4210-88E3-C97B92C5241B}.Debug|Any CPU.ActiveCfg = Debug|Any CPU
		{B5A71BBD-3316-4210-88E3-C97B92C5241B}.Debug|Any CPU.Build.0 = Debug|Any CPU
		{B5A71BBD-3316-4210-88E3-C97B92C5241B}.Release|Any CPU.ActiveCfg = Release|Any CPU
		{B5A71BBD-3316-4210-88E3-C97B92C5241B}.Release|Any CPU.Build.0 = Release|Any CPU
	EndGlobalSection
	GlobalSection(SolutionProperties) = preSolution
		HideSolutionNode = FALSE
	EndGlobalSection
	GlobalSection(ExtensibilityGlobals) = postSolution
		SolutionGuid = {6E8BFE93-4921-4FAE-B520-C3BA60374119}
	EndGlobalSection
EndGlobal
